
Microsoft Visual Studio Solution File, Format Version 12.00
# Visual Studio Version 17
VisualStudioVersion = 17.9.34701.34
MinimumVisualStudioVersion = 10.0.40219.1
Project("{9A19103F-16F7-4668-BE54-9A1E7A4F7556}") = "HelloWorldApp", "HelloWorldApp\HelloWorldApp.csproj", "{53EED3C4-3A55-4A1B-A04D-7CA221CFC50C}"
EndProject
Project("{FAE04EC0-301F-11D3-BF4B-00C04F79EFBC}") = "BookLibrary", "BookLibrary\BookLibrary.csproj", "{DB73C46A-35B8-4834-A327-8893FFABC0A5}"
EndProject
Global
	GlobalSection(SolutionConfigurationPlatforms) = preSolution
		Debug|Any CPU = Debug|Any CPU
		Release|Any CPU = Release|Any CPU
	EndGlobalSection
	GlobalSection(ProjectConfigurationPlatforms) = postSolution
		{53EED3C4-3A55-4A1B-A04D-7CA221CFC50C}.Debug|Any CPU.ActiveCfg = Debug|Any CPU
		{53EED3C4-3A55-4A1B-A04D-7CA221CFC50C}.Debug|Any CPU.Build.0 = Debug|Any CPU
		{53EED3C4-3A55-4A1B-A04D-7CA221CFC50C}.Release|Any CPU.ActiveCfg = Release|Any CPU
		{53EED3C4-3A55-4A1B-A04D-7CA221CFC50C}.Release|Any CPU.Build.0 = Release|Any CPU
		{DB73C46A-35B8-4834-A327-8893FFABC0A5}.Debug|Any CPU.ActiveCfg = Debug|Any CPU
		{DB73C46A-35B8-4834-A327-8893FFABC0A5}.Debug|Any CPU.Build.0 = Debug|Any CPU
		{DB73C46A-35B8-4834-A327-8893FFABC0A5}.Release|Any CPU.ActiveCfg = Release|Any CPU
		{DB73C46A-35B8-4834-A327-8893FFABC0A5}.Release|Any CPU.Build.0 = Release|Any CPU
	EndGlobalSection
	GlobalSection(SolutionProperties) = preSolution
		HideSolutionNode = FALSE
	EndGlobalSection
	GlobalSection(ExtensibilityGlobals) = postSolution
		SolutionGuid = {74AAD530-5563-4AC7-B5AF-FACA61D6246F}
	EndGlobalSection
EndGlobal
